
Microsoft Visual Studio Solution File, Format Version 12.00
# Visual Studio Version 17
VisualStudioVersion = 17.1.32319.34
MinimumVisualStudioVersion = 10.0.40219.1
Project("{8BC9CEB8-8B4A-11D0-8D11-00A0C91BC942}") = "DinamickiAlociranNiz_SvakiParniBroj", "DinamickiAlociranNiz_SvakiParniBroj.vcxproj", "{9FB44461-6A9E-46EF-B255-BE4897BE3EEE}"
EndProject
Global
	GlobalSection(SolutionConfigurationPlatforms) = preSolution
		Debug|x64 = Debug|x64
		Debug|x86 = Debug|x86
		Release|x64 = Release|x64
		Release|x86 = Release|x86
	EndGlobalSection
	GlobalSection(ProjectConfigurationPlatforms) = postSolution
		{9FB44461-6A9E-46EF-B255-BE4897BE3EEE}.Debug|x64.ActiveCfg = Debug|x64
		{9FB44461-6A9E-46EF-B255-BE4897BE3EEE}.Debug|x64.Build.0 = Debug|x64
		{9FB44461-6A9E-46EF-B255-BE4897BE3EEE}.Debug|x86.ActiveCfg = Debug|Win32
		{9FB44461-6A9E-46EF-B255-BE4897BE3EEE}.Debug|x86.Build.0 = Debug|Win32
		{9FB44461-6A9E-46EF-B255-BE4897BE3EEE}.Release|x64.ActiveCfg = Release|x64
		{9FB44461-6A9E-46EF-B255-BE4897BE3EEE}.Release|x64.Build.0 = Release|x64
		{9FB44461-6A9E-46EF-B255-BE4897BE3EEE}.Release|x86.ActiveCfg = Release|Win32
		{9FB44461-6A9E-46EF-B255-BE4897BE3EEE}.Release|x86.Build.0 = Release|Win32
	EndGlobalSection
	GlobalSection(SolutionProperties) = preSolution
		HideSolutionNode = FALSE
	EndGlobalSection
	GlobalSection(ExtensibilityGlobals) = postSolution
		SolutionGuid = {7AFB4163-A670-4A0B-85BF-FD47BAC622D8}
	EndGlobalSection
EndGlobal
